
Microsoft Visual Studio Solution File, Format Version 12.00
# Visual Studio Version 16
VisualStudioVersion = 16.0.30309.148
MinimumVisualStudioVersion = 10.0.40219.1
Project("{FAE04EC0-301F-11D3-BF4B-00C04F79EFBC}") = "rbfxSample", "rbfxSample\rbfxSample.csproj", "{033AA1AC-A1D5-40E2-9BD8-78DB5CA537FD}"
EndProject
Global
	GlobalSection(SolutionConfigurationPlatforms) = preSolution
		Debug|Any CPU = Debug|Any CPU
		Release|Any CPU = Release|Any CPU
	EndGlobalSection
	GlobalSection(ProjectConfigurationPlatforms) = postSolution
		{033AA1AC-A1D5-40E2-9BD8-78DB5CA537FD}.Debug|Any CPU.ActiveCfg = Debug|Any CPU
		{033AA1AC-A1D5-40E2-9BD8-78DB5CA537FD}.Debug|Any CPU.Build.0 = Debug|Any CPU
		{033AA1AC-A1D5-40E2-9BD8-78DB5CA537FD}.Release|Any CPU.ActiveCfg = Release|Any CPU
		{033AA1AC-A1D5-40E2-9BD8-78DB5CA537FD}.Release|Any CPU.Build.0 = Release|Any CPU
	EndGlobalSection
	GlobalSection(SolutionProperties) = preSolution
		HideSolutionNode = FALSE
	EndGlobalSection
	GlobalSection(ExtensibilityGlobals) = postSolution
		SolutionGuid = {E5ED7819-943C-479D-BF81-DF4CE3FABA04}
	EndGlobalSection
EndGlobal
